// !$*UTF8*$!
{
	archiveVersion = 1;
	classes = {
	};
	objectVersion = 77;
	objects = {

/* Begin PBXBuildFile section */
		22E1F869E13D08A9E83CD20A /* VisionTextProvider.swift in Sources */ = {isa = PBXBuildFile; fileRef = 41F4486CD27F50E657302446 /* VisionTextProvider.swift */; };
		2EAC8DEA003F84105FC8313D /* OutlineSidebar.swift in Sources */ = {isa = PBXBuildFile; fileRef = D9511706420877A43FE5B358 /* OutlineSidebar.swift */; };
		33EA71EAA91BBBD49F138CFD /* SearchBar.swift in Sources */ = {isa = PBXBuildFile; fileRef = 2BB50E93E040DBDD14196F7D /* SearchBar.swift */; };
		3420351494D01B15CA3494FD /* ReaderToolbar.swift in Sources */ = {isa = PBXBuildFile; fileRef = 37D8510AE78B0275640BE418 /* ReaderToolbar.swift */; };
		414C92518A24CB7505CCF9B6 /* ContentView.swift in Sources */ = {isa = PBXBuildFile; fileRef = A633E1B7F84CA4D677BAE797 /* ContentView.swift */; };
		4B22588C77E0B7284BB2AD4F /* VisionTextProvider.swift in Sources */ = {isa = PBXBuildFile; fileRef = 41F4486CD27F50E657302446 /* VisionTextProvider.swift */; };
		5383F17E919E0C6D3C98BAC6 /* OutlineSidebar.swift in Sources */ = {isa = PBXBuildFile; fileRef = D9511706420877A43FE5B358 /* OutlineSidebar.swift */; };
		73B67D5CD385C4F40325F3D2 /* SearchBar.swift in Sources */ = {isa = PBXBuildFile; fileRef = 2BB50E93E040DBDD14196F7D /* SearchBar.swift */; };
		A2FB8EC1F9FC7F48E9231C53 /* PapyrusPDF in Frameworks */ = {isa = PBXBuildFile; productRef = 5658D7BBACBBC19EC722A597 /* PapyrusPDF */; };
		B16B7037DDA0E2F6A6FDA08B /* PapyrusPDF in Frameworks */ = {isa = PBXBuildFile; productRef = 4677F83069595AAA0BD20C39 /* PapyrusPDF */; };
		BB58C814FC0DCC053A75D9A3 /* SyntheticPDF.swift in Sources */ = {isa = PBXBuildFile; fileRef = BDCBA59B00317ABA1B314644 /* SyntheticPDF.swift */; };
		BB699CDE6DCE063D1B6D55BB /* PapyrusPDFDemoApp.swift in Sources */ = {isa = PBXBuildFile; fileRef = B3E4A2168E478FD74052E5E5 /* PapyrusPDFDemoApp.swift */; };
		BDBEA1FDFBBDF39FF9CA3CDA /* SyntheticPDF.swift in Sources */ = {isa = PBXBuildFile; fileRef = BDCBA59B00317ABA1B314644 /* SyntheticPDF.swift */; };
		C4BFD2695829BD9DC124A5A5 /* PapyrusPDFDemoApp.swift in Sources */ = {isa = PBXBuildFile; fileRef = B3E4A2168E478FD74052E5E5 /* PapyrusPDFDemoApp.swift */; };
		CF1E5EC878D27554DF972292 /* ReaderToolbar.swift in Sources */ = {isa = PBXBuildFile; fileRef = 37D8510AE78B0275640BE418 /* ReaderToolbar.swift */; };
		D4F87910285EABDC2764EA9B /* DocumentLoader.swift in Sources */ = {isa = PBXBuildFile; fileRef = EFD4222A635BFC132C214CE5 /* DocumentLoader.swift */; };
		D56B61CBEEB198C88BD353EE /* ContentView.swift in Sources */ = {isa = PBXBuildFile; fileRef = A633E1B7F84CA4D677BAE797 /* ContentView.swift */; };
		E468CA4E3CA06565323271E3 /* DocumentLoader.swift in Sources */ = {isa = PBXBuildFile; fileRef = EFD4222A635BFC132C214CE5 /* DocumentLoader.swift */; };
/* End PBXBuildFile section */

/* Begin PBXFileReference section */
		273E2B3EFF9FB9996938506B /* PapyrusPDFDemo.app */ = {isa = PBXFileReference; explicitFileType = wrapper.application; includeInIndex = 0; path = PapyrusPDFDemo.app; sourceTree = BUILT_PRODUCTS_DIR; };
		2BB50E93E040DBDD14196F7D /* SearchBar.swift */ = {isa = PBXFileReference; lastKnownFileType = sourcecode.swift; path = SearchBar.swift; sourceTree = "<group>"; };
		37D8510AE78B0275640BE418 /* ReaderToolbar.swift */ = {isa = PBXFileReference; lastKnownFileType = sourcecode.swift; path = ReaderToolbar.swift; sourceTree = "<group>"; };
		41F4486CD27F50E657302446 /* VisionTextProvider.swift */ = {isa = PBXFileReference; lastKnownFileType = sourcecode.swift; path = VisionTextProvider.swift; sourceTree = "<group>"; };
		A633E1B7F84CA4D677BAE797 /* ContentView.swift */ = {isa = PBXFileReference; lastKnownFileType = sourcecode.swift; path = ContentView.swift; sourceTree = "<group>"; };
		A720CA4415262ED60F01E973 /* PapyrusPDFDemo.app */ = {isa = PBXFileReference; includeInIndex = 0; lastKnownFileType = wrapper.application; path = PapyrusPDFDemo.app; sourceTree = BUILT_PRODUCTS_DIR; };
		B3E4A2168E478FD74052E5E5 /* PapyrusPDFDemoApp.swift */ = {isa = PBXFileReference; lastKnownFileType = sourcecode.swift; path = PapyrusPDFDemoApp.swift; sourceTree = "<group>"; };
		BDCBA59B00317ABA1B314644 /* SyntheticPDF.swift */ = {isa = PBXFileReference; lastKnownFileType = sourcecode.swift; path = SyntheticPDF.swift; sourceTree = "<group>"; };
		D800F7CBB23462A6485E2D2A /* Papyrus */ = {isa = PBXFileReference; lastKnownFileType = folder; name = Papyrus; path = ../..; sourceTree = SOURCE_ROOT; };
		D9511706420877A43FE5B358 /* OutlineSidebar.swift */ = {isa = PBXFileReference; lastKnownFileType = sourcecode.swift; path = OutlineSidebar.swift; sourceTree = "<group>"; };
		EFD4222A635BFC132C214CE5 /* DocumentLoader.swift */ = {isa = PBXFileReference; lastKnownFileType = sourcecode.swift; path = DocumentLoader.swift; sourceTree = "<group>"; };
/* End PBXFileReference section */

/* Begin PBXFrameworksBuildPhase section */
		644E78835170E331919AF357 /* Frameworks */ = {
			isa = PBXFrameworksBuildPhase;
			buildActionMask = 2147483647;
			files = (
				A2FB8EC1F9FC7F48E9231C53 /* PapyrusPDF in Frameworks */,
			);
			runOnlyForDeploymentPostprocessing = 0;
		};
		8E741C4E4C5C396EB6D9B0E2 /* Frameworks */ = {
			isa = PBXFrameworksBuildPhase;
			buildActionMask = 2147483647;
			files = (
				B16B7037DDA0E2F6A6FDA08B /* PapyrusPDF in Frameworks */,
			);
			runOnlyForDeploymentPostprocessing = 0;
		};
/* End PBXFrameworksBuildPhase section */

/* Begin PBXGroup section */
		68A0E94BFE371BD061ADAE4B /* Products */ = {
			isa = PBXGroup;
			children = (
				A720CA4415262ED60F01E973 /* PapyrusPDFDemo.app */,
				273E2B3EFF9FB9996938506B /* PapyrusPDFDemo.app */,
			);
			name = Products;
			sourceTree = "<group>";
		};
		7D8DE7E91F85AC45D040C114 = {
			isa = PBXGroup;
			children = (
				E7A25AAD844A7378BC97E751 /* Packages */,
				A04EC8B22CD3F4FB8CE32D19 /* PapyrusPDFDemo */,
				68A0E94BFE371BD061ADAE4B /* Products */,
			);
			sourceTree = "<group>";
		};
		A04EC8B22CD3F4FB8CE32D19 /* PapyrusPDFDemo */ = {
			isa = PBXGroup;
			children = (
				A633E1B7F84CA4D677BAE797 /* ContentView.swift */,
				EFD4222A635BFC132C214CE5 /* DocumentLoader.swift */,
				D9511706420877A43FE5B358 /* OutlineSidebar.swift */,
				B3E4A2168E478FD74052E5E5 /* PapyrusPDFDemoApp.swift */,
				37D8510AE78B0275640BE418 /* ReaderToolbar.swift */,
				2BB50E93E040DBDD14196F7D /* SearchBar.swift */,
				BDCBA59B00317ABA1B314644 /* SyntheticPDF.swift */,
				41F4486CD27F50E657302446 /* VisionTextProvider.swift */,
			);
			path = PapyrusPDFDemo;
			sourceTree = "<group>";
		};
		E7A25AAD844A7378BC97E751 /* Packages */ = {
			isa = PBXGroup;
			children = (
				D800F7CBB23462A6485E2D2A /* Papyrus */,
			);
			name = Packages;
			sourceTree = "<group>";
		};
/* End PBXGroup section */

/* Begin PBXNativeTarget section */
		3B68182A55B04528AC17ECA1 /* PapyrusPDFDemo_macOS */ = {
			isa = PBXNativeTarget;
			buildConfigurationList = 0263575555BDE2BB0786E613 /* Build configuration list for PBXNativeTarget "PapyrusPDFDemo_macOS" */;
			buildPhases = (
				95F7C19D565D7E783D018C9E /* Sources */,
				644E78835170E331919AF357 /* Frameworks */,
			);
			buildRules = (
			);
			dependencies = (
			);
			name = PapyrusPDFDemo_macOS;
			packageProductDependencies = (
				5658D7BBACBBC19EC722A597 /* PapyrusPDF */,
			);
			productName = PapyrusPDFDemo_macOS;
			productReference = 273E2B3EFF9FB9996938506B /* PapyrusPDFDemo.app */;
			productType = "com.apple.product-type.application";
		};
		AE641D644FD8565BAA5C16F7 /* PapyrusPDFDemo_iOS */ = {
			isa = PBXNativeTarget;
			buildConfigurationList = 7BE72CA3D454592AE54BFA56 /* Build configuration list for PBXNativeTarget "PapyrusPDFDemo_iOS" */;
			buildPhases = (
				F807DFF70CE43F4EB0530D57 /* Sources */,
				8E741C4E4C5C396EB6D9B0E2 /* Frameworks */,
			);
			buildRules = (
			);
			dependencies = (
			);
			name = PapyrusPDFDemo_iOS;
			packageProductDependencies = (
				4677F83069595AAA0BD20C39 /* PapyrusPDF */,
			);
			productName = PapyrusPDFDemo_iOS;
			productReference = A720CA4415262ED60F01E973 /* PapyrusPDFDemo.app */;
			productType = "com.apple.product-type.application";
		};
/* End PBXNativeTarget section */

/* Begin PBXProject section */
		0F973258F67B557EE4E5E6D4 /* Project object */ = {
			isa = PBXProject;
			attributes = {
				BuildIndependentTargetsInParallel = YES;
				LastUpgradeCheck = 1430;
				TargetAttributes = {
					3B68182A55B04528AC17ECA1 = {
						ProvisioningStyle = Automatic;
					};
					AE641D644FD8565BAA5C16F7 = {
						ProvisioningStyle = Automatic;
					};
				};
			};
			buildConfigurationList = A670CBC3D08347A44CD02EA4 /* Build configuration list for PBXProject "PapyrusPDFDemo" */;
			developmentRegion = en;
			hasScannedForEncodings = 0;
			knownRegions = (
				Base,
				en,
			);
			mainGroup = 7D8DE7E91F85AC45D040C114;
			minimizedProjectReferenceProxies = 1;
			packageReferences = (
				3CB54FEC327088ECEA7E921A /* XCLocalSwiftPackageReference "../.." */,
			);
			preferredProjectObjectVersion = 77;
			productRefGroup = 68A0E94BFE371BD061ADAE4B /* Products */;
			projectDirPath = "";
			projectRoot = "";
			targets = (
				AE641D644FD8565BAA5C16F7 /* PapyrusPDFDemo_iOS */,
				3B68182A55B04528AC17ECA1 /* PapyrusPDFDemo_macOS */,
			);
		};
/* End PBXProject section */

/* Begin PBXSourcesBuildPhase section */
		95F7C19D565D7E783D018C9E /* Sources */ = {
			isa = PBXSourcesBuildPhase;
			buildActionMask = 2147483647;
			files = (
				414C92518A24CB7505CCF9B6 /* ContentView.swift in Sources */,
				E468CA4E3CA06565323271E3 /* DocumentLoader.swift in Sources */,
				5383F17E919E0C6D3C98BAC6 /* OutlineSidebar.swift in Sources */,
				C4BFD2695829BD9DC124A5A5 /* PapyrusPDFDemoApp.swift in Sources */,
				3420351494D01B15CA3494FD /* ReaderToolbar.swift in Sources */,
				73B67D5CD385C4F40325F3D2 /* SearchBar.swift in Sources */,
				BDBEA1FDFBBDF39FF9CA3CDA /* SyntheticPDF.swift in Sources */,
				22E1F869E13D08A9E83CD20A /* VisionTextProvider.swift in Sources */,
			);
			runOnlyForDeploymentPostprocessing = 0;
		};
		F807DFF70CE43F4EB0530D57 /* Sources */ = {
			isa = PBXSourcesBuildPhase;
			buildActionMask = 2147483647;
			files = (
				D56B61CBEEB198C88BD353EE /* ContentView.swift in Sources */,
				D4F87910285EABDC2764EA9B /* DocumentLoader.swift in Sources */,
				2EAC8DEA003F84105FC8313D /* OutlineSidebar.swift in Sources */,
				BB699CDE6DCE063D1B6D55BB /* PapyrusPDFDemoApp.swift in Sources */,
				CF1E5EC878D27554DF972292 /* ReaderToolbar.swift in Sources */,
				33EA71EAA91BBBD49F138CFD /* SearchBar.swift in Sources */,
				BB58C814FC0DCC053A75D9A3 /* SyntheticPDF.swift in Sources */,
				4B22588C77E0B7284BB2AD4F /* VisionTextProvider.swift in Sources */,
			);
			runOnlyForDeploymentPostprocessing = 0;
		};
/* End PBXSourcesBuildPhase section */

/* Begin XCBuildConfiguration section */
		01B5B93EC0ACA136FD1DEC1A /* Debug */ = {
			isa = XCBuildConfiguration;
			buildSettings = {
				ASSETCATALOG_COMPILER_APPICON_NAME = AppIcon;
				CODE_SIGN_STYLE = Automatic;
				COMBINE_HIDPI_IMAGES = YES;
				CURRENT_PROJECT_VERSION = 1;
				ENABLE_PREVIEWS = YES;
				GENERATE_INFOPLIST_FILE = YES;
				INFOPLIST_KEY_UILaunchScreen_Generation = YES;
				LD_RUNPATH_SEARCH_PATHS = (
					"$(inherited)",
					"@executable_path/../Frameworks",
				);
				MACOSX_DEPLOYMENT_TARGET = 15.0;
				MARKETING_VERSION = 1.0;
				PRODUCT_BUNDLE_IDENTIFIER = com.papyruspdf.demo.PapyrusPDFDemo;
				PRODUCT_NAME = PapyrusPDFDemo;
				SDKROOT = macosx;
				SWIFT_VERSION = 6.0;
			};
			name = Debug;
		};
		38FC465803DF5BE916647634 /* Release */ = {
			isa = XCBuildConfiguration;
			buildSettings = {
				ALWAYS_SEARCH_USER_PATHS = NO;
				CLANG_ANALYZER_NONNULL = YES;
				CLANG_ANALYZER_NUMBER_OBJECT_CONVERSION = YES_AGGRESSIVE;
				CLANG_CXX_LANGUAGE_STANDARD = "gnu++14";
				CLANG_CXX_LIBRARY = "libc++";
				CLANG_ENABLE_MODULES = YES;
				CLANG_ENABLE_OBJC_ARC = YES;
				CLANG_ENABLE_OBJC_WEAK = YES;
				CLANG_WARN_BLOCK_CAPTURE_AUTORELEASING = YES;
				CLANG_WARN_BOOL_CONVERSION = YES;
				CLANG_WARN_COMMA = YES;
				CLANG_WARN_CONSTANT_CONVERSION = YES;
				CLANG_WARN_DEPRECATED_OBJC_IMPLEMENTATIONS = YES;
				CLANG_WARN_DIRECT_OBJC_ISA_USAGE = YES_ERROR;
				CLANG_WARN_DOCUMENTATION_COMMENTS = YES;
				CLANG_WARN_EMPTY_BODY = YES;
				CLANG_WARN_ENUM_CONVERSION = YES;
				CLANG_WARN_INFINITE_RECURSION = YES;
				CLANG_WARN_INT_CONVERSION = YES;
				CLANG_WARN_NON_LITERAL_NULL_CONVERSION = YES;
				CLANG_WARN_OBJC_IMPLICIT_RETAIN_SELF = YES;
				CLANG_WARN_OBJC_LITERAL_CONVERSION = YES;
				CLANG_WARN_OBJC_ROOT_CLASS = YES_ERROR;
				CLANG_WARN_QUOTED_INCLUDE_IN_FRAMEWORK_HEADER = YES;
				CLANG_WARN_RANGE_LOOP_ANALYSIS = YES;
				CLANG_WARN_STRICT_PROTOTYPES = YES;
				CLANG_WARN_SUSPICIOUS_MOVE = YES;
				CLANG_WARN_UNGUARDED_AVAILABILITY = YES_AGGRESSIVE;
				CLANG_WARN_UNREACHABLE_CODE = YES;
				CLANG_WARN__DUPLICATE_METHOD_MATCH = YES;
				COPY_PHASE_STRIP = NO;
				DEBUG_INFORMATION_FORMAT = "dwarf-with-dsym";
				ENABLE_NS_ASSERTIONS = NO;
				ENABLE_STRICT_OBJC_MSGSEND = YES;
				GCC_C_LANGUAGE_STANDARD = gnu11;
				GCC_NO_COMMON_BLOCKS = YES;
				GCC_WARN_64_TO_32_BIT_CONVERSION = YES;
				GCC_WARN_ABOUT_RETURN_TYPE = YES_ERROR;
				GCC_WARN_UNDECLARED_SELECTOR = YES;
				GCC_WARN_UNINITIALIZED_AUTOS = YES_AGGRESSIVE;
				GCC_WARN_UNUSED_FUNCTION = YES;
				GCC_WARN_UNUSED_VARIABLE = YES;
				IPHONEOS_DEPLOYMENT_TARGET = 18.0;
				MACOSX_DEPLOYMENT_TARGET = 15.0;
				MTL_ENABLE_DEBUG_INFO = NO;
				MTL_FAST_MATH = YES;
				PRODUCT_NAME = "$(TARGET_NAME)";
				SWIFT_COMPILATION_MODE = wholemodule;
				SWIFT_OPTIMIZATION_LEVEL = "-O";
				SWIFT_VERSION = 5.0;
			};
			name = Release;
		};
		798BCBA7509AF5D6E759A9DB /* Debug */ = {
			isa = XCBuildConfiguration;
			buildSettings = {
				ALWAYS_SEARCH_USER_PATHS = NO;
				CLANG_ANALYZER_NONNULL = YES;
				CLANG_ANALYZER_NUMBER_OBJECT_CONVERSION = YES_AGGRESSIVE;
				CLANG_CXX_LANGUAGE_STANDARD = "gnu++14";
				CLANG_CXX_LIBRARY = "libc++";
				CLANG_ENABLE_MODULES = YES;
				CLANG_ENABLE_OBJC_ARC = YES;
				CLANG_ENABLE_OBJC_WEAK = YES;
				CLANG_WARN_BLOCK_CAPTURE_AUTORELEASING = YES;
				CLANG_WARN_BOOL_CONVERSION = YES;
				CLANG_WARN_COMMA = YES;
				CLANG_WARN_CONSTANT_CONVERSION = YES;
				CLANG_WARN_DEPRECATED_OBJC_IMPLEMENTATIONS = YES;
				CLANG_WARN_DIRECT_OBJC_ISA_USAGE = YES_ERROR;
				CLANG_WARN_DOCUMENTATION_COMMENTS = YES;
				CLANG_WARN_EMPTY_BODY = YES;
				CLANG_WARN_ENUM_CONVERSION = YES;
				CLANG_WARN_INFINITE_RECURSION = YES;
				CLANG_WARN_INT_CONVERSION = YES;
				CLANG_WARN_NON_LITERAL_NULL_CONVERSION = YES;
				CLANG_WARN_OBJC_IMPLICIT_RETAIN_SELF = YES;
				CLANG_WARN_OBJC_LITERAL_CONVERSION = YES;
				CLANG_WARN_OBJC_ROOT_CLASS = YES_ERROR;
				CLANG_WARN_QUOTED_INCLUDE_IN_FRAMEWORK_HEADER = YES;
				CLANG_WARN_RANGE_LOOP_ANALYSIS = YES;
				CLANG_WARN_STRICT_PROTOTYPES = YES;
				CLANG_WARN_SUSPICIOUS_MOVE = YES;
				CLANG_WARN_UNGUARDED_AVAILABILITY = YES_AGGRESSIVE;
				CLANG_WARN_UNREACHABLE_CODE = YES;
				CLANG_WARN__DUPLICATE_METHOD_MATCH = YES;
				COPY_PHASE_STRIP = NO;
				DEBUG_INFORMATION_FORMAT = dwarf;
				ENABLE_STRICT_OBJC_MSGSEND = YES;
				ENABLE_TESTABILITY = YES;
				GCC_C_LANGUAGE_STANDARD = gnu11;
				GCC_DYNAMIC_NO_PIC = NO;
				GCC_NO_COMMON_BLOCKS = YES;
				GCC_OPTIMIZATION_LEVEL = 0;
				GCC_PREPROCESSOR_DEFINITIONS = (
					"$(inherited)",
					"DEBUG=1",
				);
				GCC_WARN_64_TO_32_BIT_CONVERSION = YES;
				GCC_WARN_ABOUT_RETURN_TYPE = YES_ERROR;
				GCC_WARN_UNDECLARED_SELECTOR = YES;
				GCC_WARN_UNINITIALIZED_AUTOS = YES_AGGRESSIVE;
				GCC_WARN_UNUSED_FUNCTION = YES;
				GCC_WARN_UNUSED_VARIABLE = YES;
				IPHONEOS_DEPLOYMENT_TARGET = 18.0;
				MACOSX_DEPLOYMENT_TARGET = 15.0;
				MTL_ENABLE_DEBUG_INFO = INCLUDE_SOURCE;
				MTL_FAST_MATH = YES;
				ONLY_ACTIVE_ARCH = YES;
				PRODUCT_NAME = "$(TARGET_NAME)";
				SWIFT_ACTIVE_COMPILATION_CONDITIONS = DEBUG;
				SWIFT_OPTIMIZATION_LEVEL = "-Onone";
				SWIFT_VERSION = 5.0;
			};
			name = Debug;
		};
		B80FA78C87C19D72D50A2D8E /* Debug */ = {
			isa = XCBuildConfiguration;
			buildSettings = {
				ASSETCATALOG_COMPILER_APPICON_NAME = AppIcon;
				CODE_SIGN_IDENTITY = "iPhone Developer";
				CODE_SIGN_STYLE = Automatic;
				CURRENT_PROJECT_VERSION = 1;
				ENABLE_PREVIEWS = YES;
				GENERATE_INFOPLIST_FILE = YES;
				INFOPLIST_KEY_UILaunchScreen_Generation = YES;
				IPHONEOS_DEPLOYMENT_TARGET = 18.0;
				LD_RUNPATH_SEARCH_PATHS = (
					"$(inherited)",
					"@executable_path/Frameworks",
				);
				MARKETING_VERSION = 1.0;
				PRODUCT_BUNDLE_IDENTIFIER = com.papyruspdf.demo.PapyrusPDFDemo;
				PRODUCT_NAME = PapyrusPDFDemo;
				SDKROOT = iphoneos;
				SWIFT_VERSION = 6.0;
				TARGETED_DEVICE_FAMILY = "1,2";
			};
			name = Debug;
		};
		E6ABFE4ADBD3BBAB517A15FB /* Release */ = {
			isa = XCBuildConfiguration;
			buildSettings = {
				ASSETCATALOG_COMPILER_APPICON_NAME = AppIcon;
				CODE_SIGN_STYLE = Automatic;
				COMBINE_HIDPI_IMAGES = YES;
				CURRENT_PROJECT_VERSION = 1;
				ENABLE_PREVIEWS = YES;
				GENERATE_INFOPLIST_FILE = YES;
				INFOPLIST_KEY_UILaunchScreen_Generation = YES;
				LD_RUNPATH_SEARCH_PATHS = (
					"$(inherited)",
					"@executable_path/../Frameworks",
				);
				MACOSX_DEPLOYMENT_TARGET = 15.0;
				MARKETING_VERSION = 1.0;
				PRODUCT_BUNDLE_IDENTIFIER = com.papyruspdf.demo.PapyrusPDFDemo;
				PRODUCT_NAME = PapyrusPDFDemo;
				SDKROOT = macosx;
				SWIFT_VERSION = 6.0;
			};
			name = Release;
		};
		FCF30FAA78829F2B4BEDCF43 /* Release */ = {
			isa = XCBuildConfiguration;
			buildSettings = {
				ASSETCATALOG_COMPILER_APPICON_NAME = AppIcon;
				CODE_SIGN_IDENTITY = "iPhone Developer";
				CODE_SIGN_STYLE = Automatic;
				CURRENT_PROJECT_VERSION = 1;
				ENABLE_PREVIEWS = YES;
				GENERATE_INFOPLIST_FILE = YES;
				INFOPLIST_KEY_UILaunchScreen_Generation = YES;
				IPHONEOS_DEPLOYMENT_TARGET = 18.0;
				LD_RUNPATH_SEARCH_PATHS = (
					"$(inherited)",
					"@executable_path/Frameworks",
				);
				MARKETING_VERSION = 1.0;
				PRODUCT_BUNDLE_IDENTIFIER = com.papyruspdf.demo.PapyrusPDFDemo;
				PRODUCT_NAME = PapyrusPDFDemo;
				SDKROOT = iphoneos;
				SWIFT_VERSION = 6.0;
				TARGETED_DEVICE_FAMILY = "1,2";
			};
			name = Release;
		};
/* End XCBuildConfiguration section */

/* Begin XCConfigurationList section */
		0263575555BDE2BB0786E613 /* Build configuration list for PBXNativeTarget "PapyrusPDFDemo_macOS" */ = {
			isa = XCConfigurationList;
			buildConfigurations = (
				01B5B93EC0ACA136FD1DEC1A /* Debug */,
				E6ABFE4ADBD3BBAB517A15FB /* Release */,
			);
			defaultConfigurationIsVisible = 0;
			defaultConfigurationName = Debug;
		};
		7BE72CA3D454592AE54BFA56 /* Build configuration list for PBXNativeTarget "PapyrusPDFDemo_iOS" */ = {
			isa = XCConfigurationList;
			buildConfigurations = (
				B80FA78C87C19D72D50A2D8E /* Debug */,
				FCF30FAA78829F2B4BEDCF43 /* Release */,
			);
			defaultConfigurationIsVisible = 0;
			defaultConfigurationName = Debug;
		};
		A670CBC3D08347A44CD02EA4 /* Build configuration list for PBXProject "PapyrusPDFDemo" */ = {
			isa = XCConfigurationList;
			buildConfigurations = (
				798BCBA7509AF5D6E759A9DB /* Debug */,
				38FC465803DF5BE916647634 /* Release */,
			);
			defaultConfigurationIsVisible = 0;
			defaultConfigurationName = Debug;
		};
/* End XCConfigurationList section */

/* Begin XCLocalSwiftPackageReference section */
		3CB54FEC327088ECEA7E921A /* XCLocalSwiftPackageReference "../.." */ = {
			isa = XCLocalSwiftPackageReference;
			relativePath = ../..;
		};
/* End XCLocalSwiftPackageReference section */

/* Begin XCSwiftPackageProductDependency section */
		4677F83069595AAA0BD20C39 /* PapyrusPDF */ = {
			isa = XCSwiftPackageProductDependency;
			productName = PapyrusPDF;
		};
		5658D7BBACBBC19EC722A597 /* PapyrusPDF */ = {
			isa = XCSwiftPackageProductDependency;
			productName = PapyrusPDF;
		};
/* End XCSwiftPackageProductDependency section */
	};
	rootObject = 0F973258F67B557EE4E5E6D4 /* Project object */;
}
